
Microsoft Visual Studio Solution File, Format Version 12.00
# Visual Studio 15
VisualStudioVersion = 15.0.27130.2010
MinimumVisualStudioVersion = 10.0.40219.1
Project("{FAE04EC0-301F-11D3-BF4B-00C04F79EFBC}") = "Exercises", "Exercises\Exercises.csproj", "{D255C84D-00CF-4B9F-8D8C-92035F540AC8}"
EndProject
Project("{FAE04EC0-301F-11D3-BF4B-00C04F79EFBC}") = "Test", "Test\Test.csproj", "{71D93B65-43A9-4F08-BF3E-3D501341E9B4}"
EndProject
Global
	GlobalSection(SolutionConfigurationPlatforms) = preSolution
		Debug|Any CPU = Debug|Any CPU
		Release|Any CPU = Release|Any CPU
	EndGlobalSection
	GlobalSection(ProjectConfigurationPlatforms) = postSolution
		{D255C84D-00CF-4B9F-8D8C-92035F540AC8}.Debug|Any CPU.ActiveCfg = Debug|Any CPU
		{D255C84D-00CF-4B9F-8D8C-92035F540AC8}.Debug|Any CPU.Build.0 = Debug|Any CPU
		{D255C84D-00CF-4B9F-8D8C-92035F540AC8}.Release|Any CPU.ActiveCfg = Release|Any CPU
		{D255C84D-00CF-4B9F-8D8C-92035F540AC8}.Release|Any CPU.Build.0 = Release|Any CPU
		{71D93B65-43A9-4F08-BF3E-3D501341E9B4}.Debug|Any CPU.ActiveCfg = Debug|Any CPU
		{71D93B65-43A9-4F08-BF3E-3D501341E9B4}.Debug|Any CPU.Build.0 = Debug|Any CPU
		{71D93B65-43A9-4F08-BF3E-3D501341E9B4}.Release|Any CPU.ActiveCfg = Release|Any CPU
		{71D93B65-43A9-4F08-BF3E-3D501341E9B4}.Release|Any CPU.Build.0 = Release|Any CPU
	EndGlobalSection
	GlobalSection(SolutionProperties) = preSolution
		HideSolutionNode = FALSE
	EndGlobalSection
	GlobalSection(ExtensibilityGlobals) = postSolution
		SolutionGuid = {AA655D10-2DF9-4E8B-968A-E2ADA30C8EF7}
	EndGlobalSection
EndGlobal
